
Microsoft Visual Studio Solution File, Format Version 12.00
# Visual Studio 2012
Project("{FAE04EC0-301F-11D3-BF4B-00C04F79EFBC}") = "RedGate.Publishing.Options", "RedGate.Publishing.Options\RedGate.Publishing.Options.csproj", "{D17AEDDF-9A87-4FF4-9E59-97F06B08E2B1}"
EndProject
Project("{FAE04EC0-301F-11D3-BF4B-00C04F79EFBC}") = "RedGate.Publishing.Options.UnitTests", "RedGate.Publishing.Options.UnitTests\RedGate.Publishing.Options.UnitTests.csproj", "{5D741B79-4C56-4C1D-A42F-5374CD693DF1}"
EndProject
Project("{2150E333-8FDC-42A3-9474-1A3956D46DE8}") = ".nuget", ".nuget", "{10D1EAA4-7378-410B-BF3F-ECD7FC5BB3DF}"
	ProjectSection(SolutionItems) = preProject
		.nuget\NuGet.Config = .nuget\NuGet.Config
		.nuget\NuGet.exe = .nuget\NuGet.exe
		.nuget\NuGet.targets = .nuget\NuGet.targets
	EndProjectSection
EndProject
Global
	GlobalSection(SolutionConfigurationPlatforms) = preSolution
		Debug|Any CPU = Debug|Any CPU
		Release|Any CPU = Release|Any CPU
	EndGlobalSection
	GlobalSection(ProjectConfigurationPlatforms) = postSolution
		{D17AEDDF-9A87-4FF4-9E59-97F06B08E2B1}.Debug|Any CPU.ActiveCfg = Debug|Any CPU
		{D17AEDDF-9A87-4FF4-9E59-97F06B08E2B1}.Debug|Any CPU.Build.0 = Debug|Any CPU
		{D17AEDDF-9A87-4FF4-9E59-97F06B08E2B1}.Release|Any CPU.ActiveCfg = Release|Any CPU
		{D17AEDDF-9A87-4FF4-9E59-97F06B08E2B1}.Release|Any CPU.Build.0 = Release|Any CPU
		{5D741B79-4C56-4C1D-A42F-5374CD693DF1}.Debug|Any CPU.ActiveCfg = Debug|Any CPU
		{5D741B79-4C56-4C1D-A42F-5374CD693DF1}.Debug|Any CPU.Build.0 = Debug|Any CPU
		{5D741B79-4C56-4C1D-A42F-5374CD693DF1}.Release|Any CPU.ActiveCfg = Release|Any CPU
		{5D741B79-4C56-4C1D-A42F-5374CD693DF1}.Release|Any CPU.Build.0 = Release|Any CPU
	EndGlobalSection
	GlobalSection(SolutionProperties) = preSolution
		HideSolutionNode = FALSE
	EndGlobalSection
EndGlobal
